
Microsoft Visual Studio Solution File, Format Version 12.00
# Visual Studio Version 16
VisualStudioVersion = 16.0.30503.244
MinimumVisualStudioVersion = 10.0.40219.1
Project("{FAE04EC0-301F-11D3-BF4B-00C04F79EFBC}") = "TodoApi", "TodoApi\TodoApi.csproj", "{0B6D4CAE-4C34-41BF-A461-F42F2491FD95}"
EndProject
Global
	GlobalSection(SolutionConfigurationPlatforms) = preSolution
		Debug|Any CPU = Debug|Any CPU
		Release|Any CPU = Release|Any CPU
	EndGlobalSection
	GlobalSection(ProjectConfigurationPlatforms) = postSolution
		{0B6D4CAE-4C34-41BF-A461-F42F2491FD95}.Debug|Any CPU.ActiveCfg = Debug|Any CPU
		{0B6D4CAE-4C34-41BF-A461-F42F2491FD95}.Debug|Any CPU.Build.0 = Debug|Any CPU
		{0B6D4CAE-4C34-41BF-A461-F42F2491FD95}.Release|Any CPU.ActiveCfg = Release|Any CPU
		{0B6D4CAE-4C34-41BF-A461-F42F2491FD95}.Release|Any CPU.Build.0 = Release|Any CPU
	EndGlobalSection
	GlobalSection(SolutionProperties) = preSolution
		HideSolutionNode = FALSE
	EndGlobalSection
	GlobalSection(ExtensibilityGlobals) = postSolution
		SolutionGuid = {EEFFAB7A-4771-4E83-9132-7A08252ECD5F}
	EndGlobalSection
EndGlobal
